{
  "requires": true,
  "lockfileVersion": 1,
  "dependencies": {
    "browser-image-compression": {
      "version": "1.0.12",
      "resolved": "https://registry.npmjs.org/browser-image-compression/-/browser-image-compression-1.0.12.tgz",
      "integrity": "sha512-lmKeY7PLGo4Mk5jFdiEMQ4b7sNefPhYnU6hc37Xy5WhWn9v5rXYKdgM0kvYVTXI84OsCFT1stz+sGeTK0hyHsg=="
    }
  }
}
